
Microsoft Visual Studio Solution File, Format Version 12.00
# Visual Studio 2013
VisualStudioVersion = 12.0.21005.1
MinimumVisualStudioVersion = 10.0.40219.1
Project("{FAE04EC0-301F-11D3-BF4B-00C04F79EFBC}") = "EBanking.Data", "EBanking.Data\EBanking.Data.csproj", "{3542EA7E-26E3-4D9D-AD12-4009169A4DA5}"
EndProject
Project("{FAE04EC0-301F-11D3-BF4B-00C04F79EFBC}") = "EBanking.Service", "EBanking.Service\EBanking.Service.csproj", "{EB3DE0B7-2428-4631-9E59-74D627564325}"
EndProject
Project("{FAE04EC0-301F-11D3-BF4B-00C04F79EFBC}") = "Bank", "EBanking\Bank.csproj", "{17A8ACEF-5E7C-4647-990B-663FE1E87357}"
EndProject
Global
	GlobalSection(SolutionConfigurationPlatforms) = preSolution
		Debug|Any CPU = Debug|Any CPU
		Release|Any CPU = Release|Any CPU
	EndGlobalSection
	GlobalSection(ProjectConfigurationPlatforms) = postSolution
		{3542EA7E-26E3-4D9D-AD12-4009169A4DA5}.Debug|Any CPU.ActiveCfg = Debug|Any CPU
		{3542EA7E-26E3-4D9D-AD12-4009169A4DA5}.Debug|Any CPU.Build.0 = Debug|Any CPU
		{3542EA7E-26E3-4D9D-AD12-4009169A4DA5}.Release|Any CPU.ActiveCfg = Release|Any CPU
		{3542EA7E-26E3-4D9D-AD12-4009169A4DA5}.Release|Any CPU.Build.0 = Release|Any CPU
		{EB3DE0B7-2428-4631-9E59-74D627564325}.Debug|Any CPU.ActiveCfg = Debug|Any CPU
		{EB3DE0B7-2428-4631-9E59-74D627564325}.Debug|Any CPU.Build.0 = Debug|Any CPU
		{EB3DE0B7-2428-4631-9E59-74D627564325}.Release|Any CPU.ActiveCfg = Release|Any CPU
		{EB3DE0B7-2428-4631-9E59-74D627564325}.Release|Any CPU.Build.0 = Release|Any CPU
		{17A8ACEF-5E7C-4647-990B-663FE1E87357}.Debug|Any CPU.ActiveCfg = Debug|Any CPU
		{17A8ACEF-5E7C-4647-990B-663FE1E87357}.Debug|Any CPU.Build.0 = Debug|Any CPU
		{17A8ACEF-5E7C-4647-990B-663FE1E87357}.Release|Any CPU.ActiveCfg = Release|Any CPU
		{17A8ACEF-5E7C-4647-990B-663FE1E87357}.Release|Any CPU.Build.0 = Release|Any CPU
	EndGlobalSection
	GlobalSection(SolutionProperties) = preSolution
		HideSolutionNode = FALSE
	EndGlobalSection
EndGlobal
